Microsoft Visual Studio Solution File, Format Version 12.00
# Visual Studio Version 17
VisualStudioVersion = 17.0.31903.59
MinimumVisualStudioVersion = 10.0.40219.1
Project("{FAE04EC0-301F-11D3-BF4B-00C04F79EFBC}") = "Pegasus.Agent.Core", "Pegasus.Agent.Core\\Pegasus.Agent.Core.csproj", "{BD8C7275-F5DF-47C4-8A54-D53675158D86}"
EndProject
Project("{FAE04EC0-301F-11D3-BF4B-00C04F79EFBC}") = "Pegasus.Agent.UserMode", "Pegasus.Agent.UserMode\\Pegasus.Agent.UserMode.csproj", "{1BF3B2D2-48B2-4C4B-87A5-6F0AB5A2A7F0}"
EndProject
Project("{FAE04EC0-301F-11D3-BF4B-00C04F79EFBC}") = "Pegasus.Agent.Tests", "Pegasus.Agent.Tests\\Pegasus.Agent.Tests.csproj", "{9395ED5D-ED4E-4CB2-9F90-5A257D55500C}"
EndProject
Global
	GlobalSection(SolutionConfigurationPlatforms) = preSolution
		Debug|Any CPU = Debug|Any CPU
		Release|Any CPU = Release|Any CPU
	EndGlobalSection
	GlobalSection(ProjectConfigurationPlatforms) = postSolution
		{BD8C7275-F5DF-47C4-8A54-D53675158D86}.Debug|Any CPU.ActiveCfg = Debug|Any CPU
		{BD8C7275-F5DF-47C4-8A54-D53675158D86}.Debug|Any CPU.Build.0 = Debug|Any CPU
		{BD8C7275-F5DF-47C4-8A54-D53675158D86}.Release|Any CPU.ActiveCfg = Release|Any CPU
		{BD8C7275-F5DF-47C4-8A54-D53675158D86}.Release|Any CPU.Build.0 = Release|Any CPU
		{1BF3B2D2-48B2-4C4B-87A5-6F0AB5A2A7F0}.Debug|Any CPU.ActiveCfg = Debug|Any CPU
		{1BF3B2D2-48B2-4C4B-87A5-6F0AB5A2A7F0}.Debug|Any CPU.Build.0 = Debug|Any CPU
		{1BF3B2D2-48B2-4C4B-87A5-6F0AB5A2A7F0}.Release|Any CPU.ActiveCfg = Release|Any CPU
		{1BF3B2D2-48B2-4C4B-87A5-6F0AB5A2A7F0}.Release|Any CPU.Build.0 = Release|Any CPU
		{9395ED5D-ED4E-4CB2-9F90-5A257D55500C}.Debug|Any CPU.ActiveCfg = Debug|Any CPU
		{9395ED5D-ED4E-4CB2-9F90-5A257D55500C}.Debug|Any CPU.Build.0 = Debug|Any CPU
		{9395ED5D-ED4E-4CB2-9F90-5A257D55500C}.Release|Any CPU.ActiveCfg = Release|Any CPU
		{9395ED5D-ED4E-4CB2-9F90-5A257D55500C}.Release|Any CPU.Build.0 = Release|Any CPU
	EndGlobalSection
EndGlobal
